
Microsoft Visual Studio Solution File, Format Version 12.00
# Visual Studio Version 16
VisualStudioVersion = 16.0.34301.259
MinimumVisualStudioVersion = 10.0.40219.1
Project("{FAE04EC0-301F-11D3-BF4B-00C04F79EFBC}") = "Tyuiu.KasenovAE.Sprint7.Project.V6", "Tyuiu.KasenovAE.Sprint7.Project.V6\Tyuiu.KasenovAE.Sprint7.Project.V6.csproj", "{5CA34477-E226-4041-90AF-BC943B0071D0}"
EndProject
Project("{FAE04EC0-301F-11D3-BF4B-00C04F79EFBC}") = "Tyuiu.KasenovAE.Sprint7.Project.V6.Lib", "Tyuiu.KasenovAE.Sprint7.Project.V6.Lib\Tyuiu.KasenovAE.Sprint7.Project.V6.Lib.csproj", "{87DB6D8E-A4E2-4EDF-AD54-D8A7D1656F33}"
EndProject
Project("{FAE04EC0-301F-11D3-BF4B-00C04F79EFBC}") = "Tyuiu.KasenovAE.Sprint7.Project.V6.Test", "Tyuiu.KasenovAE.Sprint7.Project.V6.Test\Tyuiu.KasenovAE.Sprint7.Project.V6.Test.csproj", "{64164956-50B8-4058-9018-11C8B99BFDD4}"
EndProject
Global
	GlobalSection(SolutionConfigurationPlatforms) = preSolution
		Debug|Any CPU = Debug|Any CPU
		Release|Any CPU = Release|Any CPU
	EndGlobalSection
	GlobalSection(ProjectConfigurationPlatforms) = postSolution
		{5CA34477-E226-4041-90AF-BC943B0071D0}.Debug|Any CPU.ActiveCfg = Debug|Any CPU
		{5CA34477-E226-4041-90AF-BC943B0071D0}.Debug|Any CPU.Build.0 = Debug|Any CPU
		{5CA34477-E226-4041-90AF-BC943B0071D0}.Release|Any CPU.ActiveCfg = Release|Any CPU
		{5CA34477-E226-4041-90AF-BC943B0071D0}.Release|Any CPU.Build.0 = Release|Any CPU
		{87DB6D8E-A4E2-4EDF-AD54-D8A7D1656F33}.Debug|Any CPU.ActiveCfg = Debug|Any CPU
		{87DB6D8E-A4E2-4EDF-AD54-D8A7D1656F33}.Debug|Any CPU.Build.0 = Debug|Any CPU
		{87DB6D8E-A4E2-4EDF-AD54-D8A7D1656F33}.Release|Any CPU.ActiveCfg = Release|Any CPU
		{87DB6D8E-A4E2-4EDF-AD54-D8A7D1656F33}.Release|Any CPU.Build.0 = Release|Any CPU
		{64164956-50B8-4058-9018-11C8B99BFDD4}.Debug|Any CPU.ActiveCfg = Debug|Any CPU
		{64164956-50B8-4058-9018-11C8B99BFDD4}.Debug|Any CPU.Build.0 = Debug|Any CPU
		{64164956-50B8-4058-9018-11C8B99BFDD4}.Release|Any CPU.ActiveCfg = Release|Any CPU
		{64164956-50B8-4058-9018-11C8B99BFDD4}.Release|Any CPU.Build.0 = Release|Any CPU
	EndGlobalSection
	GlobalSection(SolutionProperties) = preSolution
		HideSolutionNode = FALSE
	EndGlobalSection
	GlobalSection(ExtensibilityGlobals) = postSolution
		SolutionGuid = {E6FB4D81-B0A9-444B-870B-4FC55A51B670}
	EndGlobalSection
EndGlobal
